
Microsoft Visual Studio Solution File, Format Version 12.00
# Visual Studio 15
VisualStudioVersion = 15.0.27703.2042
MinimumVisualStudioVersion = 10.0.40219.1
Project("{9A19103F-16F7-4668-BE54-9A1E7A4F7556}") = "AppStudio", "AppStudio\AppStudio.csproj", "{01B0432D-857F-429F-9194-097235D56748}"
EndProject
Project("{9A19103F-16F7-4668-BE54-9A1E7A4F7556}") = "DemoClient", "DemoClient\DemoClient.csproj", "{7468B589-AF58-4B1D-9438-1815B9B9F8BA}"
EndProject
Global
	GlobalSection(SolutionConfigurationPlatforms) = preSolution
		Debug|Any CPU = Debug|Any CPU
		Release|Any CPU = Release|Any CPU
	EndGlobalSection
	GlobalSection(ProjectConfigurationPlatforms) = postSolution
		{01B0432D-857F-429F-9194-097235D56748}.Debug|Any CPU.ActiveCfg = Debug|Any CPU
		{01B0432D-857F-429F-9194-097235D56748}.Debug|Any CPU.Build.0 = Debug|Any CPU
		{01B0432D-857F-429F-9194-097235D56748}.Release|Any CPU.ActiveCfg = Release|Any CPU
		{01B0432D-857F-429F-9194-097235D56748}.Release|Any CPU.Build.0 = Release|Any CPU
		{7468B589-AF58-4B1D-9438-1815B9B9F8BA}.Debug|Any CPU.ActiveCfg = Debug|Any CPU
		{7468B589-AF58-4B1D-9438-1815B9B9F8BA}.Debug|Any CPU.Build.0 = Debug|Any CPU
		{7468B589-AF58-4B1D-9438-1815B9B9F8BA}.Release|Any CPU.ActiveCfg = Release|Any CPU
		{7468B589-AF58-4B1D-9438-1815B9B9F8BA}.Release|Any CPU.Build.0 = Release|Any CPU
	EndGlobalSection
	GlobalSection(SolutionProperties) = preSolution
		HideSolutionNode = FALSE
	EndGlobalSection
	GlobalSection(ExtensibilityGlobals) = postSolution
		SolutionGuid = {A07ACAD4-BE20-42C9-9A6E-F60145C2A4F6}
	EndGlobalSection
EndGlobal
